// !$*UTF8*$!
{
	archiveVersion = 1;
	classes = {
	};
	objectVersion = 56;
	objects = {

/* Begin PBXBuildFile section */
		703D559B2A1F15C7003BB6D7 /* RootView.swift in Sources */ = {isa = PBXBuildFile; fileRef = 703D559A2A1F15C7003BB6D7 /* RootView.swift */; };
		703D559D2A1F15CC003BB6D7 /* RootStore.swift in Sources */ = {isa = PBXBuildFile; fileRef = 703D559C2A1F15CC003BB6D7 /* RootStore.swift */; };
		703D55A22A1F167C003BB6D7 /* ComposableArchitecture in Frameworks */ = {isa = PBXBuildFile; productRef = 703D55A12A1F167C003BB6D7 /* ComposableArchitecture */; };
		703D55A52A1F16BC003BB6D7 /* HomeStore.swift in Sources */ = {isa = PBXBuildFile; fileRef = 703D55A42A1F16BC003BB6D7 /* HomeStore.swift */; };
		703D55A72A1F3F82003BB6D7 /* HomeView.swift in Sources */ = {isa = PBXBuildFile; fileRef = 703D55A62A1F3F82003BB6D7 /* HomeView.swift */; };
		703D55AA2A1F408D003BB6D7 /* TaskCellView.swift in Sources */ = {isa = PBXBuildFile; fileRef = 703D55A92A1F408D003BB6D7 /* TaskCellView.swift */; };
		703D55AC2A1F4093003BB6D7 /* TaskCellStore.swift in Sources */ = {isa = PBXBuildFile; fileRef = 703D55AB2A1F4093003BB6D7 /* TaskCellStore.swift */; };
		703D55AF2A1F42B4003BB6D7 /* taskfolio.xcdatamodeld in Sources */ = {isa = PBXBuildFile; fileRef = 703D55AD2A1F42B4003BB6D7 /* taskfolio.xcdatamodeld */; };
		703D55B22A1F438A003BB6D7 /* TaskCloudManager.swift in Sources */ = {isa = PBXBuildFile; fileRef = 703D55B12A1F438A003BB6D7 /* TaskCloudManager.swift */; };
		703D55B62A1F4557003BB6D7 /* SettingView.swift in Sources */ = {isa = PBXBuildFile; fileRef = 703D55B52A1F4557003BB6D7 /* SettingView.swift */; };
		703D55B82A1F455C003BB6D7 /* SettingStore.swift in Sources */ = {isa = PBXBuildFile; fileRef = 703D55B72A1F455C003BB6D7 /* SettingStore.swift */; };
		703D55BA2A1F53FE003BB6D7 /* Date+Extension.swift in Sources */ = {isa = PBXBuildFile; fileRef = 703D55B92A1F53FE003BB6D7 /* Date+Extension.swift */; };
		703D55BC2A1F57DA003BB6D7 /* TaskClient.swift in Sources */ = {isa = PBXBuildFile; fileRef = 703D55BB2A1F57DA003BB6D7 /* TaskClient.swift */; };
		703D55C02A1F59C0003BB6D7 /* Color+Extension.swift in Sources */ = {isa = PBXBuildFile; fileRef = 703D55BF2A1F59C0003BB6D7 /* Color+Extension.swift */; };
		703D55C22A1F59D6003BB6D7 /* ColorType.swift in Sources */ = {isa = PBXBuildFile; fileRef = 703D55C12A1F59D6003BB6D7 /* ColorType.swift */; };
		703D55C42A1F5AC8003BB6D7 /* Array+Extension.swift in Sources */ = {isa = PBXBuildFile; fileRef = 703D55C32A1F5AC8003BB6D7 /* Array+Extension.swift */; };
		70BCDFC32A234909002AE1CC /* TimeManager.swift in Sources */ = {isa = PBXBuildFile; fileRef = 70BCDFC22A234909002AE1CC /* TimeManager.swift */; };
		70BCDFC62A2471D8002AE1CC /* EditTaskStore.swift in Sources */ = {isa = PBXBuildFile; fileRef = 70BCDFC52A2471D8002AE1CC /* EditTaskStore.swift */; };
		70BCDFC82A2471E1002AE1CC /* EditTaskView.swift in Sources */ = {isa = PBXBuildFile; fileRef = 70BCDFC72A2471E1002AE1CC /* EditTaskView.swift */; };
		70BCDFED2A248117002AE1CC /* WidgetKit.framework in Frameworks */ = {isa = PBXBuildFile; fileRef = 70BCDFCF2A247EF2002AE1CC /* WidgetKit.framework */; };
		70BCDFEE2A248117002AE1CC /* SwiftUI.framework in Frameworks */ = {isa = PBXBuildFile; fileRef = 70BCDFD12A247EF2002AE1CC /* SwiftUI.framework */; };
		70BCDFF12A248117002AE1CC /* DynamicWidgetBundle.swift in Sources */ = {isa = PBXBuildFile; fileRef = 70BCDFF02A248117002AE1CC /* DynamicWidgetBundle.swift */; };
		70BCDFF32A248117002AE1CC /* DynamicWidgetLiveActivity.swift in Sources */ = {isa = PBXBuildFile; fileRef = 70BCDFF22A248117002AE1CC /* DynamicWidgetLiveActivity.swift */; };
		70BCDFF52A248117002AE1CC /* DynamicWidget.swift in Sources */ = {isa = PBXBuildFile; fileRef = 70BCDFF42A248117002AE1CC /* DynamicWidget.swift */; };
		70BCDFF82A248118002AE1CC /* Assets.xcassets in Resources */ = {isa = PBXBuildFile; fileRef = 70BCDFF72A248118002AE1CC /* Assets.xcassets */; };
		70BCDFFA2A248118002AE1CC /* DynamicWidget.intentdefinition in Sources */ = {isa = PBXBuildFile; fileRef = 70BCDFF62A248117002AE1CC /* DynamicWidget.intentdefinition */; };
		70BCDFFB2A248118002AE1CC /* DynamicWidget.intentdefinition in Sources */ = {isa = PBXBuildFile; fileRef = 70BCDFF62A248117002AE1CC /* DynamicWidget.intentdefinition */; };
		70BCDFFE2A248118002AE1CC /* DynamicWidgetExtension.appex in Embed Foundation Extensions */ = {isa = PBXBuildFile; fileRef = 70BCDFEC2A248117002AE1CC /* DynamicWidgetExtension.appex */; settings = {ATTRIBUTES = (RemoveHeadersOnCopy, ); }; };
		70BCE0022A24812A002AE1CC /* DynamicWidgetLiveActivity.swift in Sources */ = {isa = PBXBuildFile; fileRef = 70BCDFF22A248117002AE1CC /* DynamicWidgetLiveActivity.swift */; };
		70D2F90B2A1E128B00099F17 /* taskfolioApp.swift in Sources */ = {isa = PBXBuildFile; fileRef = 70D2F90A2A1E128B00099F17 /* taskfolioApp.swift */; };
		70D2F90F2A1E128C00099F17 /* Assets.xcassets in Resources */ = {isa = PBXBuildFile; fileRef = 70D2F90E2A1E128C00099F17 /* Assets.xcassets */; };
		70D2F9122A1E128C00099F17 /* Preview Assets.xcassets in Resources */ = {isa = PBXBuildFile; fileRef = 70D2F9112A1E128C00099F17 /* Preview Assets.xcassets */; };
/* End PBXBuildFile section */

/* Begin PBXContainerItemProxy section */
		70BCDFFC2A248118002AE1CC /* PBXContainerItemProxy */ = {
			isa = PBXContainerItemProxy;
			containerPortal = 70D2F8FF2A1E128B00099F17 /* Project object */;
			proxyType = 1;
			remoteGlobalIDString = 70BCDFEB2A248117002AE1CC;
			remoteInfo = DynamicWidgetExtension;
		};
/* End PBXContainerItemProxy section */

/* Begin PBXCopyFilesBuildPhase section */
		70BCDFE62A247EF4002AE1CC /* Embed Foundation Extensions */ = {
			isa = PBXCopyFilesBuildPhase;
			buildActionMask = 2147483647;
			dstPath = "";
			dstSubfolderSpec = 13;
			files = (
				70BCDFFE2A248118002AE1CC /* DynamicWidgetExtension.appex in Embed Foundation Extensions */,
			);
			name = "Embed Foundation Extensions";
			runOnlyForDeploymentPostprocessing = 0;
		};
/* End PBXCopyFilesBuildPhase section */

/* Begin PBXFileReference section */
		703D559A2A1F15C7003BB6D7 /* RootView.swift */ = {isa = PBXFileReference; lastKnownFileType = sourcecode.swift; path = RootView.swift; sourceTree = "<group>"; };
		703D559C2A1F15CC003BB6D7 /* RootStore.swift */ = {isa = PBXFileReference; lastKnownFileType = sourcecode.swift; path = RootStore.swift; sourceTree = "<group>"; };
		703D55A42A1F16BC003BB6D7 /* HomeStore.swift */ = {isa = PBXFileReference; lastKnownFileType = sourcecode.swift; path = HomeStore.swift; sourceTree = "<group>"; };
		703D55A62A1F3F82003BB6D7 /* HomeView.swift */ = {isa = PBXFileReference; lastKnownFileType = sourcecode.swift; path = HomeView.swift; sourceTree = "<group>"; };
		703D55A92A1F408D003BB6D7 /* TaskCellView.swift */ = {isa = PBXFileReference; lastKnownFileType = sourcecode.swift; path = TaskCellView.swift; sourceTree = "<group>"; };
		703D55AB2A1F4093003BB6D7 /* TaskCellStore.swift */ = {isa = PBXFileReference; lastKnownFileType = sourcecode.swift; path = TaskCellStore.swift; sourceTree = "<group>"; };
		703D55AE2A1F42B4003BB6D7 /* Model.xcdatamodel */ = {isa = PBXFileReference; lastKnownFileType = wrapper.xcdatamodel; path = Model.xcdatamodel; sourceTree = "<group>"; };
		703D55B12A1F438A003BB6D7 /* TaskCloudManager.swift */ = {isa = PBXFileReference; lastKnownFileType = sourcecode.swift; path = TaskCloudManager.swift; sourceTree = "<group>"; };
		703D55B32A1F43A3003BB6D7 /* taskfolio.entitlements */ = {isa = PBXFileReference; lastKnownFileType = text.plist.entitlements; path = taskfolio.entitlements; sourceTree = "<group>"; };
		703D55B52A1F4557003BB6D7 /* SettingView.swift */ = {isa = PBXFileReference; lastKnownFileType = sourcecode.swift; path = SettingView.swift; sourceTree = "<group>"; };
		703D55B72A1F455C003BB6D7 /* SettingStore.swift */ = {isa = PBXFileReference; lastKnownFileType = sourcecode.swift; path = SettingStore.swift; sourceTree = "<group>"; };
		703D55B92A1F53FE003BB6D7 /* Date+Extension.swift */ = {isa = PBXFileReference; lastKnownFileType = sourcecode.swift; path = "Date+Extension.swift"; sourceTree = "<group>"; };
		703D55BB2A1F57DA003BB6D7 /* TaskClient.swift */ = {isa = PBXFileReference; lastKnownFileType = sourcecode.swift; path = TaskClient.swift; sourceTree = "<group>"; };
		703D55BF2A1F59C0003BB6D7 /* Color+Extension.swift */ = {isa = PBXFileReference; lastKnownFileType = sourcecode.swift; path = "Color+Extension.swift"; sourceTree = "<group>"; };
		703D55C12A1F59D6003BB6D7 /* ColorType.swift */ = {isa = PBXFileReference; lastKnownFileType = sourcecode.swift; path = ColorType.swift; sourceTree = "<group>"; };
		703D55C32A1F5AC8003BB6D7 /* Array+Extension.swift */ = {isa = PBXFileReference; lastKnownFileType = sourcecode.swift; path = "Array+Extension.swift"; sourceTree = "<group>"; };
		70BCDFC22A234909002AE1CC /* TimeManager.swift */ = {isa = PBXFileReference; lastKnownFileType = sourcecode.swift; path = TimeManager.swift; sourceTree = "<group>"; };
		70BCDFC52A2471D8002AE1CC /* EditTaskStore.swift */ = {isa = PBXFileReference; lastKnownFileType = sourcecode.swift; path = EditTaskStore.swift; sourceTree = "<group>"; };
		70BCDFC72A2471E1002AE1CC /* EditTaskView.swift */ = {isa = PBXFileReference; lastKnownFileType = sourcecode.swift; path = EditTaskView.swift; sourceTree = "<group>"; };
		70BCDFCF2A247EF2002AE1CC /* WidgetKit.framework */ = {isa = PBXFileReference; lastKnownFileType = wrapper.framework; name = WidgetKit.framework; path = System/Library/Frameworks/WidgetKit.framework; sourceTree = SDKROOT; };
		70BCDFD12A247EF2002AE1CC /* SwiftUI.framework */ = {isa = PBXFileReference; lastKnownFileType = wrapper.framework; name = SwiftUI.framework; path = System/Library/Frameworks/SwiftUI.framework; sourceTree = SDKROOT; };
		70BCDFEC2A248117002AE1CC /* DynamicWidgetExtension.appex */ = {isa = PBXFileReference; explicitFileType = "wrapper.app-extension"; includeInIndex = 0; path = DynamicWidgetExtension.appex; sourceTree = BUILT_PRODUCTS_DIR; };
		70BCDFF02A248117002AE1CC /* DynamicWidgetBundle.swift */ = {isa = PBXFileReference; lastKnownFileType = sourcecode.swift; path = DynamicWidgetBundle.swift; sourceTree = "<group>"; };
		70BCDFF22A248117002AE1CC /* DynamicWidgetLiveActivity.swift */ = {isa = PBXFileReference; lastKnownFileType = sourcecode.swift; path = DynamicWidgetLiveActivity.swift; sourceTree = "<group>"; };
		70BCDFF42A248117002AE1CC /* DynamicWidget.swift */ = {isa = PBXFileReference; lastKnownFileType = sourcecode.swift; path = DynamicWidget.swift; sourceTree = "<group>"; };
		70BCDFF62A248117002AE1CC /* DynamicWidget.intentdefinition */ = {isa = PBXFileReference; lastKnownFileType = file.intentdefinition; path = DynamicWidget.intentdefinition; sourceTree = "<group>"; };
		70BCDFF72A248118002AE1CC /* Assets.xcassets */ = {isa = PBXFileReference; lastKnownFileType = folder.assetcatalog; path = Assets.xcassets; sourceTree = "<group>"; };
		70BCDFF92A248118002AE1CC /* Info.plist */ = {isa = PBXFileReference; lastKnownFileType = text.plist.xml; path = Info.plist; sourceTree = "<group>"; };
		70D2F9072A1E128B00099F17 /* taskfolio.app */ = {isa = PBXFileReference; explicitFileType = wrapper.application; includeInIndex = 0; path = taskfolio.app; sourceTree = BUILT_PRODUCTS_DIR; };
		70D2F90A2A1E128B00099F17 /* taskfolioApp.swift */ = {isa = PBXFileReference; lastKnownFileType = sourcecode.swift; path = taskfolioApp.swift; sourceTree = "<group>"; };
		70D2F90E2A1E128C00099F17 /* Assets.xcassets */ = {isa = PBXFileReference; lastKnownFileType = folder.assetcatalog; path = Assets.xcassets; sourceTree = "<group>"; };
		70D2F9112A1E128C00099F17 /* Preview Assets.xcassets */ = {isa = PBXFileReference; lastKnownFileType = folder.assetcatalog; path = "Preview Assets.xcassets"; sourceTree = "<group>"; };
		70D2F9182A1E128C00099F17 /* Info.plist */ = {isa = PBXFileReference; lastKnownFileType = text.plist.xml; path = Info.plist; sourceTree = "<group>"; };
/* End PBXFileReference section */

/* Begin PBXFrameworksBuildPhase section */
		70BCDFE92A248117002AE1CC /* Frameworks */ = {
			isa = PBXFrameworksBuildPhase;
			buildActionMask = 2147483647;
			files = (
				70BCDFEE2A248117002AE1CC /* SwiftUI.framework in Frameworks */,
				70BCDFED2A248117002AE1CC /* WidgetKit.framework in Frameworks */,
			);
			runOnlyForDeploymentPostprocessing = 0;
		};
		70D2F9042A1E128B00099F17 /* Frameworks */ = {
			isa = PBXFrameworksBuildPhase;
			buildActionMask = 2147483647;
			files = (
				703D55A22A1F167C003BB6D7 /* ComposableArchitecture in Frameworks */,
			);
			runOnlyForDeploymentPostprocessing = 0;
		};
/* End PBXFrameworksBuildPhase section */

/* Begin PBXGroup section */
		703D55942A1F14E2003BB6D7 /* App */ = {
			isa = PBXGroup;
			children = (
				70D2F90A2A1E128B00099F17 /* taskfolioApp.swift */,
			);
			path = App;
			sourceTree = "<group>";
		};
		703D55952A1F14E8003BB6D7 /* Feature */ = {
			isa = PBXGroup;
			children = (
				70BCDFC42A2471CD002AE1CC /* EditTask */,
				703D55B42A1F4551003BB6D7 /* Setting */,
				703D55A82A1F4065003BB6D7 /* TaskList */,
				703D55A32A1F1681003BB6D7 /* Home */,
				703D55992A1F15C1003BB6D7 /* Root */,
			);
			path = Feature;
			sourceTree = "<group>";
		};
		703D55962A1F14EC003BB6D7 /* Domain */ = {
			isa = PBXGroup;
			children = (
				703D55B02A1F4334003BB6D7 /* CoreData */,
				703D559F2A1F15D8003BB6D7 /* Client */,
				703D559E2A1F15D0003BB6D7 /* Model */,
			);
			path = Domain;
			sourceTree = "<group>";
		};
		703D55972A1F14F0003BB6D7 /* Core */ = {
			isa = PBXGroup;
			children = (
				703D55B12A1F438A003BB6D7 /* TaskCloudManager.swift */,
			);
			path = Core;
			sourceTree = "<group>";
		};
		703D55982A1F14F4003BB6D7 /* Shared */ = {
			isa = PBXGroup;
			children = (
				703D55B92A1F53FE003BB6D7 /* Date+Extension.swift */,
				703D55C32A1F5AC8003BB6D7 /* Array+Extension.swift */,
				70BCDFC22A234909002AE1CC /* TimeManager.swift */,
			);
			path = Shared;
			sourceTree = "<group>";
		};
		703D55992A1F15C1003BB6D7 /* Root */ = {
			isa = PBXGroup;
			children = (
				703D559A2A1F15C7003BB6D7 /* RootView.swift */,
				703D559C2A1F15CC003BB6D7 /* RootStore.swift */,
			);
			path = Root;
			sourceTree = "<group>";
		};
		703D559E2A1F15D0003BB6D7 /* Model */ = {
			isa = PBXGroup;
			children = (
				703D55BF2A1F59C0003BB6D7 /* Color+Extension.swift */,
				703D55C12A1F59D6003BB6D7 /* ColorType.swift */,
			);
			path = Model;
			sourceTree = "<group>";
		};
		703D559F2A1F15D8003BB6D7 /* Client */ = {
			isa = PBXGroup;
			children = (
				703D55BB2A1F57DA003BB6D7 /* TaskClient.swift */,
			);
			path = Client;
			sourceTree = "<group>";
		};
		703D55A32A1F1681003BB6D7 /* Home */ = {
			isa = PBXGroup;
			children = (
				703D55A42A1F16BC003BB6D7 /* HomeStore.swift */,
				703D55A62A1F3F82003BB6D7 /* HomeView.swift */,
			);
			path = Home;
			sourceTree = "<group>";
		};
		703D55A82A1F4065003BB6D7 /* TaskList */ = {
			isa = PBXGroup;
			children = (
				703D55A92A1F408D003BB6D7 /* TaskCellView.swift */,
				703D55AB2A1F4093003BB6D7 /* TaskCellStore.swift */,
			);
			path = TaskList;
			sourceTree = "<group>";
		};
		703D55B02A1F4334003BB6D7 /* CoreData */ = {
			isa = PBXGroup;
			children = (
				703D55AD2A1F42B4003BB6D7 /* taskfolio.xcdatamodeld */,
			);
			path = CoreData;
			sourceTree = "<group>";
		};
		703D55B42A1F4551003BB6D7 /* Setting */ = {
			isa = PBXGroup;
			children = (
				703D55B52A1F4557003BB6D7 /* SettingView.swift */,
				703D55B72A1F455C003BB6D7 /* SettingStore.swift */,
			);
			path = Setting;
			sourceTree = "<group>";
		};
		70BCDFC42A2471CD002AE1CC /* EditTask */ = {
			isa = PBXGroup;
			children = (
				70BCDFC52A2471D8002AE1CC /* EditTaskStore.swift */,
				70BCDFC72A2471E1002AE1CC /* EditTaskView.swift */,
			);
			path = EditTask;
			sourceTree = "<group>";
		};
		70BCDFCE2A247EF2002AE1CC /* Frameworks */ = {
			isa = PBXGroup;
			children = (
				70BCDFCF2A247EF2002AE1CC /* WidgetKit.framework */,
				70BCDFD12A247EF2002AE1CC /* SwiftUI.framework */,
			);
			name = Frameworks;
			sourceTree = "<group>";
		};
		70BCDFEF2A248117002AE1CC /* DynamicWidget */ = {
			isa = PBXGroup;
			children = (
				70BCDFF02A248117002AE1CC /* DynamicWidgetBundle.swift */,
				70BCDFF22A248117002AE1CC /* DynamicWidgetLiveActivity.swift */,
				70BCDFF42A248117002AE1CC /* DynamicWidget.swift */,
				70BCDFF62A248117002AE1CC /* DynamicWidget.intentdefinition */,
				70BCDFF72A248118002AE1CC /* Assets.xcassets */,
				70BCDFF92A248118002AE1CC /* Info.plist */,
			);
			path = DynamicWidget;
			sourceTree = "<group>";
		};
		70D2F8FE2A1E128B00099F17 = {
			isa = PBXGroup;
			children = (
				70D2F9092A1E128B00099F17 /* taskfolio */,
				70BCDFEF2A248117002AE1CC /* DynamicWidget */,
				70BCDFCE2A247EF2002AE1CC /* Frameworks */,
				70D2F9082A1E128B00099F17 /* Products */,
			);
			sourceTree = "<group>";
		};
		70D2F9082A1E128B00099F17 /* Products */ = {
			isa = PBXGroup;
			children = (
				70D2F9072A1E128B00099F17 /* taskfolio.app */,
				70BCDFEC2A248117002AE1CC /* DynamicWidgetExtension.appex */,
			);
			name = Products;
			sourceTree = "<group>";
		};
		70D2F9092A1E128B00099F17 /* taskfolio */ = {
			isa = PBXGroup;
			children = (
				703D55B32A1F43A3003BB6D7 /* taskfolio.entitlements */,
				703D55942A1F14E2003BB6D7 /* App */,
				703D55952A1F14E8003BB6D7 /* Feature */,
				703D55962A1F14EC003BB6D7 /* Domain */,
				703D55972A1F14F0003BB6D7 /* Core */,
				703D55982A1F14F4003BB6D7 /* Shared */,
				70D2F90E2A1E128C00099F17 /* Assets.xcassets */,
				70D2F9182A1E128C00099F17 /* Info.plist */,
				70D2F9102A1E128C00099F17 /* Preview Content */,
			);
			path = taskfolio;
			sourceTree = "<group>";
		};
		70D2F9102A1E128C00099F17 /* Preview Content */ = {
			isa = PBXGroup;
			children = (
				70D2F9112A1E128C00099F17 /* Preview Assets.xcassets */,
			);
			path = "Preview Content";
			sourceTree = "<group>";
		};
/* End PBXGroup section */

/* Begin PBXNativeTarget section */
		70BCDFEB2A248117002AE1CC /* DynamicWidgetExtension */ = {
			isa = PBXNativeTarget;
			buildConfigurationList = 70BCDFFF2A248118002AE1CC /* Build configuration list for PBXNativeTarget "DynamicWidgetExtension" */;
			buildPhases = (
				70BCDFE82A248117002AE1CC /* Sources */,
				70BCDFE92A248117002AE1CC /* Frameworks */,
				70BCDFEA2A248117002AE1CC /* Resources */,
			);
			buildRules = (
			);
			dependencies = (
			);
			name = DynamicWidgetExtension;
			productName = DynamicWidgetExtension;
			productReference = 70BCDFEC2A248117002AE1CC /* DynamicWidgetExtension.appex */;
			productType = "com.apple.product-type.app-extension";
		};
		70D2F9062A1E128B00099F17 /* taskfolio */ = {
			isa = PBXNativeTarget;
			buildConfigurationList = 70D2F91B2A1E128C00099F17 /* Build configuration list for PBXNativeTarget "taskfolio" */;
			buildPhases = (
				70D2F9032A1E128B00099F17 /* Sources */,
				70D2F9042A1E128B00099F17 /* Frameworks */,
				70D2F9052A1E128B00099F17 /* Resources */,
				70BCDFE62A247EF4002AE1CC /* Embed Foundation Extensions */,
			);
			buildRules = (
			);
			dependencies = (
				70BCDFFD2A248118002AE1CC /* PBXTargetDependency */,
			);
			name = taskfolio;
			packageProductDependencies = (
				703D55A12A1F167C003BB6D7 /* ComposableArchitecture */,
			);
			productName = taskfolio;
			productReference = 70D2F9072A1E128B00099F17 /* taskfolio.app */;
			productType = "com.apple.product-type.application";
		};
/* End PBXNativeTarget section */

/* Begin PBXProject section */
		70D2F8FF2A1E128B00099F17 /* Project object */ = {
			isa = PBXProject;
			attributes = {
				BuildIndependentTargetsInParallel = 1;
				LastSwiftUpdateCheck = 1420;
				LastUpgradeCheck = 1420;
				TargetAttributes = {
					70BCDFEB2A248117002AE1CC = {
						CreatedOnToolsVersion = 14.2;
					};
					70D2F9062A1E128B00099F17 = {
						CreatedOnToolsVersion = 14.2;
					};
				};
			};
			buildConfigurationList = 70D2F9022A1E128B00099F17 /* Build configuration list for PBXProject "taskfolio" */;
			compatibilityVersion = "Xcode 14.0";
			developmentRegion = en;
			hasScannedForEncodings = 0;
			knownRegions = (
				en,
				Base,
			);
			mainGroup = 70D2F8FE2A1E128B00099F17;
			packageReferences = (
				703D55A02A1F167C003BB6D7 /* XCRemoteSwiftPackageReference "swift-composable-architecture" */,
			);
			productRefGroup = 70D2F9082A1E128B00099F17 /* Products */;
			projectDirPath = "";
			projectRoot = "";
			targets = (
				70D2F9062A1E128B00099F17 /* taskfolio */,
				70BCDFEB2A248117002AE1CC /* DynamicWidgetExtension */,
			);
		};
/* End PBXProject section */

/* Begin PBXResourcesBuildPhase section */
		70BCDFEA2A248117002AE1CC /* Resources */ = {
			isa = PBXResourcesBuildPhase;
			buildActionMask = 2147483647;
			files = (
				70BCDFF82A248118002AE1CC /* Assets.xcassets in Resources */,
			);
			runOnlyForDeploymentPostprocessing = 0;
		};
		70D2F9052A1E128B00099F17 /* Resources */ = {
			isa = PBXResourcesBuildPhase;
			buildActionMask = 2147483647;
			files = (
				70D2F9122A1E128C00099F17 /* Preview Assets.xcassets in Resources */,
				70D2F90F2A1E128C00099F17 /* Assets.xcassets in Resources */,
			);
			runOnlyForDeploymentPostprocessing = 0;
		};
/* End PBXResourcesBuildPhase section */

/* Begin PBXSourcesBuildPhase section */
		70BCDFE82A248117002AE1CC /* Sources */ = {
			isa = PBXSourcesBuildPhase;
			buildActionMask = 2147483647;
			files = (
				70BCDFFA2A248118002AE1CC /* DynamicWidget.intentdefinition in Sources */,
				70BCDFF32A248117002AE1CC /* DynamicWidgetLiveActivity.swift in Sources */,
				70BCDFF12A248117002AE1CC /* DynamicWidgetBundle.swift in Sources */,
				70BCDFF52A248117002AE1CC /* DynamicWidget.swift in Sources */,
			);
			runOnlyForDeploymentPostprocessing = 0;
		};
		70D2F9032A1E128B00099F17 /* Sources */ = {
			isa = PBXSourcesBuildPhase;
			buildActionMask = 2147483647;
			files = (
				703D559D2A1F15CC003BB6D7 /* RootStore.swift in Sources */,
				70BCDFC82A2471E1002AE1CC /* EditTaskView.swift in Sources */,
				703D55C22A1F59D6003BB6D7 /* ColorType.swift in Sources */,
				70BCDFC62A2471D8002AE1CC /* EditTaskStore.swift in Sources */,
				703D55C02A1F59C0003BB6D7 /* Color+Extension.swift in Sources */,
				70BCDFC32A234909002AE1CC /* TimeManager.swift in Sources */,
				703D55B62A1F4557003BB6D7 /* SettingView.swift in Sources */,
				703D55AC2A1F4093003BB6D7 /* TaskCellStore.swift in Sources */,
				70BCDFFB2A248118002AE1CC /* DynamicWidget.intentdefinition in Sources */,
				703D55AA2A1F408D003BB6D7 /* TaskCellView.swift in Sources */,
				703D55B22A1F438A003BB6D7 /* TaskCloudManager.swift in Sources */,
				703D55C42A1F5AC8003BB6D7 /* Array+Extension.swift in Sources */,
				70BCE0022A24812A002AE1CC /* DynamicWidgetLiveActivity.swift in Sources */,
				703D55BA2A1F53FE003BB6D7 /* Date+Extension.swift in Sources */,
				703D55A52A1F16BC003BB6D7 /* HomeStore.swift in Sources */,
				703D55A72A1F3F82003BB6D7 /* HomeView.swift in Sources */,
				703D55AF2A1F42B4003BB6D7 /* taskfolio.xcdatamodeld in Sources */,
				70D2F90B2A1E128B00099F17 /* taskfolioApp.swift in Sources */,
				703D55B82A1F455C003BB6D7 /* SettingStore.swift in Sources */,
				703D559B2A1F15C7003BB6D7 /* RootView.swift in Sources */,
				703D55BC2A1F57DA003BB6D7 /* TaskClient.swift in Sources */,
			);
			runOnlyForDeploymentPostprocessing = 0;
		};
/* End PBXSourcesBuildPhase section */

/* Begin PBXTargetDependency section */
		70BCDFFD2A248118002AE1CC /* PBXTargetDependency */ = {
			isa = PBXTargetDependency;
			target = 70BCDFEB2A248117002AE1CC /* DynamicWidgetExtension */;
			targetProxy = 70BCDFFC2A248118002AE1CC /* PBXContainerItemProxy */;
		};
/* End PBXTargetDependency section */

/* Begin XCBuildConfiguration section */
		70BCE0002A248118002AE1CC /* Debug */ = {
			isa = XCBuildConfiguration;
			buildSettings = {
				ASSETCATALOG_COMPILER_GLOBAL_ACCENT_COLOR_NAME = AccentColor;
				ASSETCATALOG_COMPILER_WIDGET_BACKGROUND_COLOR_NAME = WidgetBackground;
				CODE_SIGN_STYLE = Automatic;
				CURRENT_PROJECT_VERSION = 1;
				DEVELOPMENT_TEAM = X64MATB2CC;
				GENERATE_INFOPLIST_FILE = YES;
				INFOPLIST_FILE = DynamicWidget/Info.plist;
				INFOPLIST_KEY_CFBundleDisplayName = DynamicWidget;
				INFOPLIST_KEY_NSHumanReadableCopyright = "";
				LD_RUNPATH_SEARCH_PATHS = (
					"$(inherited)",
					"@executable_path/Frameworks",
					"@executable_path/../../Frameworks",
				);
				MARKETING_VERSION = 1.0;
				PRODUCT_BUNDLE_IDENTIFIER = com.annapo.taskfolio.DynamicWidget;
				PRODUCT_NAME = "$(TARGET_NAME)";
				SKIP_INSTALL = YES;
				SWIFT_EMIT_LOC_STRINGS = YES;
				SWIFT_VERSION = 5.0;
				TARGETED_DEVICE_FAMILY = "1,2";
			};
			name = Debug;
		};
		70BCE0012A248118002AE1CC /* Release */ = {
			isa = XCBuildConfiguration;
			buildSettings = {
				ASSETCATALOG_COMPILER_GLOBAL_ACCENT_COLOR_NAME = AccentColor;
				ASSETCATALOG_COMPILER_WIDGET_BACKGROUND_COLOR_NAME = WidgetBackground;
				CODE_SIGN_STYLE = Automatic;
				CURRENT_PROJECT_VERSION = 1;
				DEVELOPMENT_TEAM = X64MATB2CC;
				GENERATE_INFOPLIST_FILE = YES;
				INFOPLIST_FILE = DynamicWidget/Info.plist;
				INFOPLIST_KEY_CFBundleDisplayName = DynamicWidget;
				INFOPLIST_KEY_NSHumanReadableCopyright = "";
				LD_RUNPATH_SEARCH_PATHS = (
					"$(inherited)",
					"@executable_path/Frameworks",
					"@executable_path/../../Frameworks",
				);
				MARKETING_VERSION = 1.0;
				PRODUCT_BUNDLE_IDENTIFIER = com.annapo.taskfolio.DynamicWidget;
				PRODUCT_NAME = "$(TARGET_NAME)";
				SKIP_INSTALL = YES;
				SWIFT_EMIT_LOC_STRINGS = YES;
				SWIFT_VERSION = 5.0;
				TARGETED_DEVICE_FAMILY = "1,2";
			};
			name = Release;
		};
		70D2F9192A1E128C00099F17 /* Debug */ = {
			isa = XCBuildConfiguration;
			buildSettings = {
				ALWAYS_SEARCH_USER_PATHS = NO;
				CLANG_ANALYZER_NONNULL = YES;
				CLANG_ANALYZER_NUMBER_OBJECT_CONVERSION = YES_AGGRESSIVE;
				CLANG_CXX_LANGUAGE_STANDARD = "gnu++20";
				CLANG_ENABLE_MODULES = YES;
				CLANG_ENABLE_OBJC_ARC = YES;
				CLANG_ENABLE_OBJC_WEAK = YES;
				CLANG_WARN_BLOCK_CAPTURE_AUTORELEASING = YES;
				CLANG_WARN_BOOL_CONVERSION = YES;
				CLANG_WARN_COMMA = YES;
				CLANG_WARN_CONSTANT_CONVERSION = YES;
				CLANG_WARN_DEPRECATED_OBJC_IMPLEMENTATIONS = YES;
				CLANG_WARN_DIRECT_OBJC_ISA_USAGE = YES_ERROR;
				CLANG_WARN_DOCUMENTATION_COMMENTS = YES;
				CLANG_WARN_EMPTY_BODY = YES;
				CLANG_WARN_ENUM_CONVERSION = YES;
				CLANG_WARN_INFINITE_RECURSION = YES;
				CLANG_WARN_INT_CONVERSION = YES;
				CLANG_WARN_NON_LITERAL_NULL_CONVERSION = YES;
				CLANG_WARN_OBJC_IMPLICIT_RETAIN_SELF = YES;
				CLANG_WARN_OBJC_LITERAL_CONVERSION = YES;
				CLANG_WARN_OBJC_ROOT_CLASS = YES_ERROR;
				CLANG_WARN_QUOTED_INCLUDE_IN_FRAMEWORK_HEADER = YES;
				CLANG_WARN_RANGE_LOOP_ANALYSIS = YES;
				CLANG_WARN_STRICT_PROTOTYPES = YES;
				CLANG_WARN_SUSPICIOUS_MOVE = YES;
				CLANG_WARN_UNGUARDED_AVAILABILITY = YES_AGGRESSIVE;
				CLANG_WARN_UNREACHABLE_CODE = YES;
				CLANG_WARN__DUPLICATE_METHOD_MATCH = YES;
				COPY_PHASE_STRIP = NO;
				DEBUG_INFORMATION_FORMAT = dwarf;
				ENABLE_STRICT_OBJC_MSGSEND = YES;
				ENABLE_TESTABILITY = YES;
				GCC_C_LANGUAGE_STANDARD = gnu11;
				GCC_DYNAMIC_NO_PIC = NO;
				GCC_NO_COMMON_BLOCKS = YES;
				GCC_OPTIMIZATION_LEVEL = 0;
				GCC_PREPROCESSOR_DEFINITIONS = (
					"DEBUG=1",
					"$(inherited)",
				);
				GCC_WARN_64_TO_32_BIT_CONVERSION = YES;
				GCC_WARN_ABOUT_RETURN_TYPE = YES_ERROR;
				GCC_WARN_UNDECLARED_SELECTOR = YES;
				GCC_WARN_UNINITIALIZED_AUTOS = YES_AGGRESSIVE;
				GCC_WARN_UNUSED_FUNCTION = YES;
				GCC_WARN_UNUSED_VARIABLE = YES;
				IPHONEOS_DEPLOYMENT_TARGET = 16.2;
				MTL_ENABLE_DEBUG_INFO = INCLUDE_SOURCE;
				MTL_FAST_MATH = YES;
				ONLY_ACTIVE_ARCH = YES;
				SDKROOT = iphoneos;
				SWIFT_ACTIVE_COMPILATION_CONDITIONS = DEBUG;
				SWIFT_OPTIMIZATION_LEVEL = "-Onone";
			};
			name = Debug;
		};
		70D2F91A2A1E128C00099F17 /* Release */ = {
			isa = XCBuildConfiguration;
			buildSettings = {
				ALWAYS_SEARCH_USER_PATHS = NO;
				CLANG_ANALYZER_NONNULL = YES;
				CLANG_ANALYZER_NUMBER_OBJECT_CONVERSION = YES_AGGRESSIVE;
				CLANG_CXX_LANGUAGE_STANDARD = "gnu++20";
				CLANG_ENABLE_MODULES = YES;
				CLANG_ENABLE_OBJC_ARC = YES;
				CLANG_ENABLE_OBJC_WEAK = YES;
				CLANG_WARN_BLOCK_CAPTURE_AUTORELEASING = YES;
				CLANG_WARN_BOOL_CONVERSION = YES;
				CLANG_WARN_COMMA = YES;
				CLANG_WARN_CONSTANT_CONVERSION = YES;
				CLANG_WARN_DEPRECATED_OBJC_IMPLEMENTATIONS = YES;
				CLANG_WARN_DIRECT_OBJC_ISA_USAGE = YES_ERROR;
				CLANG_WARN_DOCUMENTATION_COMMENTS = YES;
				CLANG_WARN_EMPTY_BODY = YES;
				CLANG_WARN_ENUM_CONVERSION = YES;
				CLANG_WARN_INFINITE_RECURSION = YES;
				CLANG_WARN_INT_CONVERSION = YES;
				CLANG_WARN_NON_LITERAL_NULL_CONVERSION = YES;
				CLANG_WARN_OBJC_IMPLICIT_RETAIN_SELF = YES;
				CLANG_WARN_OBJC_LITERAL_CONVERSION = YES;
				CLANG_WARN_OBJC_ROOT_CLASS = YES_ERROR;
				CLANG_WARN_QUOTED_INCLUDE_IN_FRAMEWORK_HEADER = YES;
				CLANG_WARN_RANGE_LOOP_ANALYSIS = YES;
				CLANG_WARN_STRICT_PROTOTYPES = YES;
				CLANG_WARN_SUSPICIOUS_MOVE = YES;
				CLANG_WARN_UNGUARDED_AVAILABILITY = YES_AGGRESSIVE;
				CLANG_WARN_UNREACHABLE_CODE = YES;
				CLANG_WARN__DUPLICATE_METHOD_MATCH = YES;
				COPY_PHASE_STRIP = NO;
				DEBUG_INFORMATION_FORMAT = "dwarf-with-dsym";
				ENABLE_NS_ASSERTIONS = NO;
				ENABLE_STRICT_OBJC_MSGSEND = YES;
				GCC_C_LANGUAGE_STANDARD = gnu11;
				GCC_NO_COMMON_BLOCKS = YES;
				GCC_WARN_64_TO_32_BIT_CONVERSION = YES;
				GCC_WARN_ABOUT_RETURN_TYPE = YES_ERROR;
				GCC_WARN_UNDECLARED_SELECTOR = YES;
				GCC_WARN_UNINITIALIZED_AUTOS = YES_AGGRESSIVE;
				GCC_WARN_UNUSED_FUNCTION = YES;
				GCC_WARN_UNUSED_VARIABLE = YES;
				IPHONEOS_DEPLOYMENT_TARGET = 16.2;
				MTL_ENABLE_DEBUG_INFO = NO;
				MTL_FAST_MATH = YES;
				SDKROOT = iphoneos;
				SWIFT_COMPILATION_MODE = wholemodule;
				SWIFT_OPTIMIZATION_LEVEL = "-O";
				VALIDATE_PRODUCT = YES;
			};
			name = Release;
		};
		70D2F91C2A1E128C00099F17 /* Debug */ = {
			isa = XCBuildConfiguration;
			buildSettings = {
				ALWAYS_EMBED_SWIFT_STANDARD_LIBRARIES = YES;
				ASSETCATALOG_COMPILER_APPICON_NAME = AppIcon;
				ASSETCATALOG_COMPILER_GLOBAL_ACCENT_COLOR_NAME = AccentColor;
				CODE_SIGN_ENTITLEMENTS = taskfolio/taskfolio.entitlements;
				CODE_SIGN_STYLE = Automatic;
				CURRENT_PROJECT_VERSION = 1;
				DEVELOPMENT_ASSET_PATHS = "\"taskfolio/Preview Content\"";
				DEVELOPMENT_TEAM = X64MATB2CC;
				ENABLE_PREVIEWS = YES;
				GENERATE_INFOPLIST_FILE = YES;
				INFOPLIST_FILE = taskfolio/Info.plist;
				INFOPLIST_KEY_NSSupportsLiveActivities = YES;
				INFOPLIST_KEY_UIApplicationSceneManifest_Generation = YES;
				INFOPLIST_KEY_UIApplicationSupportsIndirectInputEvents = YES;
				INFOPLIST_KEY_UILaunchScreen_Generation = YES;
				INFOPLIST_KEY_UISupportedInterfaceOrientations_iPad = "UIInterfaceOrientationPortrait UIInterfaceOrientationPortraitUpsideDown UIInterfaceOrientationLandscapeLeft UIInterfaceOrientationLandscapeRight";
				INFOPLIST_KEY_UISupportedInterfaceOrientations_iPhone = "UIInterfaceOrientationPortrait UIInterfaceOrientationLandscapeLeft UIInterfaceOrientationLandscapeRight";
				LD_RUNPATH_SEARCH_PATHS = (
					"$(inherited)",
					"@executable_path/Frameworks",
				);
				MARKETING_VERSION = 1.0;
				PRODUCT_BUNDLE_IDENTIFIER = com.annapo.taskfolio;
				PRODUCT_NAME = "$(TARGET_NAME)";
				SWIFT_EMIT_LOC_STRINGS = YES;
				SWIFT_VERSION = 5.0;
				TARGETED_DEVICE_FAMILY = "1,2";
			};
			name = Debug;
		};
		70D2F91D2A1E128C00099F17 /* Release */ = {
			isa = XCBuildConfiguration;
			buildSettings = {
				ALWAYS_EMBED_SWIFT_STANDARD_LIBRARIES = YES;
				ASSETCATALOG_COMPILER_APPICON_NAME = AppIcon;
				ASSETCATALOG_COMPILER_GLOBAL_ACCENT_COLOR_NAME = AccentColor;
				CODE_SIGN_ENTITLEMENTS = taskfolio/taskfolio.entitlements;
				CODE_SIGN_STYLE = Automatic;
				CURRENT_PROJECT_VERSION = 1;
				DEVELOPMENT_ASSET_PATHS = "\"taskfolio/Preview Content\"";
				DEVELOPMENT_TEAM = X64MATB2CC;
				ENABLE_PREVIEWS = YES;
				GENERATE_INFOPLIST_FILE = YES;
				INFOPLIST_FILE = taskfolio/Info.plist;
				INFOPLIST_KEY_NSSupportsLiveActivities = YES;
				INFOPLIST_KEY_UIApplicationSceneManifest_Generation = YES;
				INFOPLIST_KEY_UIApplicationSupportsIndirectInputEvents = YES;
				INFOPLIST_KEY_UILaunchScreen_Generation = YES;
				INFOPLIST_KEY_UISupportedInterfaceOrientations_iPad = "UIInterfaceOrientationPortrait UIInterfaceOrientationPortraitUpsideDown UIInterfaceOrientationLandscapeLeft UIInterfaceOrientationLandscapeRight";
				INFOPLIST_KEY_UISupportedInterfaceOrientations_iPhone = "UIInterfaceOrientationPortrait UIInterfaceOrientationLandscapeLeft UIInterfaceOrientationLandscapeRight";
				LD_RUNPATH_SEARCH_PATHS = (
					"$(inherited)",
					"@executable_path/Frameworks",
				);
				MARKETING_VERSION = 1.0;
				PRODUCT_BUNDLE_IDENTIFIER = com.annapo.taskfolio;
				PRODUCT_NAME = "$(TARGET_NAME)";
				SWIFT_EMIT_LOC_STRINGS = YES;
				SWIFT_VERSION = 5.0;
				TARGETED_DEVICE_FAMILY = "1,2";
			};
			name = Release;
		};
/* End XCBuildConfiguration section */

/* Begin XCConfigurationList section */
		70BCDFFF2A248118002AE1CC /* Build configuration list for PBXNativeTarget "DynamicWidgetExtension" */ = {
			isa = XCConfigurationList;
			buildConfigurations = (
				70BCE0002A248118002AE1CC /* Debug */,
				70BCE0012A248118002AE1CC /* Release */,
			);
			defaultConfigurationIsVisible = 0;
			defaultConfigurationName = Release;
		};
		70D2F9022A1E128B00099F17 /* Build configuration list for PBXProject "taskfolio" */ = {
			isa = XCConfigurationList;
			buildConfigurations = (
				70D2F9192A1E128C00099F17 /* Debug */,
				70D2F91A2A1E128C00099F17 /* Release */,
			);
			defaultConfigurationIsVisible = 0;
			defaultConfigurationName = Release;
		};
		70D2F91B2A1E128C00099F17 /* Build configuration list for PBXNativeTarget "taskfolio" */ = {
			isa = XCConfigurationList;
			buildConfigurations = (
				70D2F91C2A1E128C00099F17 /* Debug */,
				70D2F91D2A1E128C00099F17 /* Release */,
			);
			defaultConfigurationIsVisible = 0;
			defaultConfigurationName = Release;
		};
/* End XCConfigurationList section */

/* Begin XCRemoteSwiftPackageReference section */
		703D55A02A1F167C003BB6D7 /* XCRemoteSwiftPackageReference "swift-composable-architecture" */ = {
			isa = XCRemoteSwiftPackageReference;
			repositoryURL = "https://github.com/pointfreeco/swift-composable-architecture";
			requirement = {
				branch = main;
				kind = branch;
			};
		};
/* End XCRemoteSwiftPackageReference section */

/* Begin XCSwiftPackageProductDependency section */
		703D55A12A1F167C003BB6D7 /* ComposableArchitecture */ = {
			isa = XCSwiftPackageProductDependency;
			package = 703D55A02A1F167C003BB6D7 /* XCRemoteSwiftPackageReference "swift-composable-architecture" */;
			productName = ComposableArchitecture;
		};
/* End XCSwiftPackageProductDependency section */

/* Begin XCVersionGroup section */
		703D55AD2A1F42B4003BB6D7 /* taskfolio.xcdatamodeld */ = {
			isa = XCVersionGroup;
			children = (
				703D55AE2A1F42B4003BB6D7 /* Model.xcdatamodel */,
			);
			currentVersion = 703D55AE2A1F42B4003BB6D7 /* Model.xcdatamodel */;
			path = taskfolio.xcdatamodeld;
			sourceTree = "<group>";
			versionGroupType = wrapper.xcdatamodel;
		};
/* End XCVersionGroup section */
	};
	rootObject = 70D2F8FF2A1E128B00099F17 /* Project object */;
}
